
Microsoft Visual Studio Solution File, Format Version 12.00
# Visual Studio Version 17
VisualStudioVersion = 17.13.35931.197 d17.13
MinimumVisualStudioVersion = 10.0.40219.1
Project("{FAE04EC0-301F-11D3-BF4B-00C04F79EFBC}") = "Lecture - ( Access Modifiers )", "Lecture - ( Access Modifiers )\Lecture - ( Access Modifiers ).csproj", "{3A2E4DE9-D536-4E59-8769-04A083B26C9B}"
EndProject
Global
	GlobalSection(SolutionConfigurationPlatforms) = preSolution
		Debug|Any CPU = Debug|Any CPU
		Release|Any CPU = Release|Any CPU
	EndGlobalSection
	GlobalSection(ProjectConfigurationPlatforms) = postSolution
		{3A2E4DE9-D536-4E59-8769-04A083B26C9B}.Debug|Any CPU.ActiveCfg = Debug|Any CPU
		{3A2E4DE9-D536-4E59-8769-04A083B26C9B}.Debug|Any CPU.Build.0 = Debug|Any CPU
		{3A2E4DE9-D536-4E59-8769-04A083B26C9B}.Release|Any CPU.ActiveCfg = Release|Any CPU
		{3A2E4DE9-D536-4E59-8769-04A083B26C9B}.Release|Any CPU.Build.0 = Release|Any CPU
	EndGlobalSection
	GlobalSection(SolutionProperties) = preSolution
		HideSolutionNode = FALSE
	EndGlobalSection
	GlobalSection(ExtensibilityGlobals) = postSolution
		SolutionGuid = {47EA0736-855C-4068-AC98-6EFC0BFC9140}
	EndGlobalSection
EndGlobal
