
Microsoft Visual Studio Solution File, Format Version 12.00
# Visual Studio Version 17
VisualStudioVersion = 17.14.36109.1 d17.14
MinimumVisualStudioVersion = 10.0.40219.1
Project("{FAE04EC0-301F-11D3-BF4B-00C04F79EFBC}") = "Lecture - ( Indexers )", "Lecture - ( Indexers )\Lecture - ( Indexers ).csproj", "{451FBEC2-9FBA-4488-86B9-855CCD00F3E7}"
EndProject
Global
	GlobalSection(SolutionConfigurationPlatforms) = preSolution
		Debug|Any CPU = Debug|Any CPU
		Release|Any CPU = Release|Any CPU
	EndGlobalSection
	GlobalSection(ProjectConfigurationPlatforms) = postSolution
		{451FBEC2-9FBA-4488-86B9-855CCD00F3E7}.Debug|Any CPU.ActiveCfg = Debug|Any CPU
		{451FBEC2-9FBA-4488-86B9-855CCD00F3E7}.Debug|Any CPU.Build.0 = Debug|Any CPU
		{451FBEC2-9FBA-4488-86B9-855CCD00F3E7}.Release|Any CPU.ActiveCfg = Release|Any CPU
		{451FBEC2-9FBA-4488-86B9-855CCD00F3E7}.Release|Any CPU.Build.0 = Release|Any CPU
	EndGlobalSection
	GlobalSection(SolutionProperties) = preSolution
		HideSolutionNode = FALSE
	EndGlobalSection
	GlobalSection(ExtensibilityGlobals) = postSolution
		SolutionGuid = {4628C3C3-FB9F-45D0-A367-7896F97FA76C}
	EndGlobalSection
EndGlobal
