
Microsoft Visual Studio Solution File, Format Version 12.00
# Visual Studio Version 17
VisualStudioVersion = 17.14.36109.1 d17.14
MinimumVisualStudioVersion = 10.0.40219.1
Project("{FAE04EC0-301F-11D3-BF4B-00C04F79EFBC}") = "Lecture - ( Structures )", "Lecture - ( Structures )\Lecture - ( Structures ).csproj", "{778B9C38-EA39-42D5-972C-8ABFD14D7D8B}"
EndProject
Global
	GlobalSection(SolutionConfigurationPlatforms) = preSolution
		Debug|Any CPU = Debug|Any CPU
		Release|Any CPU = Release|Any CPU
	EndGlobalSection
	GlobalSection(ProjectConfigurationPlatforms) = postSolution
		{778B9C38-EA39-42D5-972C-8ABFD14D7D8B}.Debug|Any CPU.ActiveCfg = Debug|Any CPU
		{778B9C38-EA39-42D5-972C-8ABFD14D7D8B}.Debug|Any CPU.Build.0 = Debug|Any CPU
		{778B9C38-EA39-42D5-972C-8ABFD14D7D8B}.Release|Any CPU.ActiveCfg = Release|Any CPU
		{778B9C38-EA39-42D5-972C-8ABFD14D7D8B}.Release|Any CPU.Build.0 = Release|Any CPU
	EndGlobalSection
	GlobalSection(SolutionProperties) = preSolution
		HideSolutionNode = FALSE
	EndGlobalSection
	GlobalSection(ExtensibilityGlobals) = postSolution
		SolutionGuid = {2A895C78-DDE2-4212-A201-78196105801C}
	EndGlobalSection
EndGlobal
