
Microsoft Visual Studio Solution File, Format Version 12.00
# Visual Studio Version 17
VisualStudioVersion = 17.14.36109.1 d17.14
MinimumVisualStudioVersion = 10.0.40219.1
Project("{FAE04EC0-301F-11D3-BF4B-00C04F79EFBC}") = "Lecture - ( Encapsultaion )", "Lecture - ( Encapsultaion )\Lecture - ( Encapsultaion ).csproj", "{21F0A1AE-FB2E-4470-A1A1-2225C332529F}"
EndProject
Global
	GlobalSection(SolutionConfigurationPlatforms) = preSolution
		Debug|Any CPU = Debug|Any CPU
		Release|Any CPU = Release|Any CPU
	EndGlobalSection
	GlobalSection(ProjectConfigurationPlatforms) = postSolution
		{21F0A1AE-FB2E-4470-A1A1-2225C332529F}.Debug|Any CPU.ActiveCfg = Debug|Any CPU
		{21F0A1AE-FB2E-4470-A1A1-2225C332529F}.Debug|Any CPU.Build.0 = Debug|Any CPU
		{21F0A1AE-FB2E-4470-A1A1-2225C332529F}.Release|Any CPU.ActiveCfg = Release|Any CPU
		{21F0A1AE-FB2E-4470-A1A1-2225C332529F}.Release|Any CPU.Build.0 = Release|Any CPU
	EndGlobalSection
	GlobalSection(SolutionProperties) = preSolution
		HideSolutionNode = FALSE
	EndGlobalSection
	GlobalSection(ExtensibilityGlobals) = postSolution
		SolutionGuid = {09BD34F6-7183-40BB-BC28-CF9253D8967B}
	EndGlobalSection
EndGlobal
