
Microsoft Visual Studio Solution File, Format Version 12.00
# Visual Studio Version 17
VisualStudioVersion = 17.13.35931.197 d17.13
MinimumVisualStudioVersion = 10.0.40219.1
Project("{FAE04EC0-301F-11D3-BF4B-00C04F79EFBC}") = "Lecture - ( Method Overriding )", "Lecture - ( Method Overriding )\Lecture - ( Method Overriding ).csproj", "{1C497973-0FEC-4143-83AB-A4412751BF2A}"
EndProject
Global
	GlobalSection(SolutionConfigurationPlatforms) = preSolution
		Debug|Any CPU = Debug|Any CPU
		Release|Any CPU = Release|Any CPU
	EndGlobalSection
	GlobalSection(ProjectConfigurationPlatforms) = postSolution
		{1C497973-0FEC-4143-83AB-A4412751BF2A}.Debug|Any CPU.ActiveCfg = Debug|Any CPU
		{1C497973-0FEC-4143-83AB-A4412751BF2A}.Debug|Any CPU.Build.0 = Debug|Any CPU
		{1C497973-0FEC-4143-83AB-A4412751BF2A}.Release|Any CPU.ActiveCfg = Release|Any CPU
		{1C497973-0FEC-4143-83AB-A4412751BF2A}.Release|Any CPU.Build.0 = Release|Any CPU
	EndGlobalSection
	GlobalSection(SolutionProperties) = preSolution
		HideSolutionNode = FALSE
	EndGlobalSection
	GlobalSection(ExtensibilityGlobals) = postSolution
		SolutionGuid = {19EA58E8-8E1E-4AA7-9030-4D49511C1760}
	EndGlobalSection
EndGlobal
