
Microsoft Visual Studio Solution File, Format Version 12.00
# Visual Studio Version 17
VisualStudioVersion = 17.14.36109.1 d17.14
MinimumVisualStudioVersion = 10.0.40219.1
Project("{FAE04EC0-301F-11D3-BF4B-00C04F79EFBC}") = "Lecture - ( Delegates )", "Lecture - ( Delegates )\Lecture - ( Delegates ).csproj", "{3FDB0F4E-411E-4F74-A287-6CEE4ED11A51}"
EndProject
Global
	GlobalSection(SolutionConfigurationPlatforms) = preSolution
		Debug|Any CPU = Debug|Any CPU
		Release|Any CPU = Release|Any CPU
	EndGlobalSection
	GlobalSection(ProjectConfigurationPlatforms) = postSolution
		{3FDB0F4E-411E-4F74-A287-6CEE4ED11A51}.Debug|Any CPU.ActiveCfg = Debug|Any CPU
		{3FDB0F4E-411E-4F74-A287-6CEE4ED11A51}.Debug|Any CPU.Build.0 = Debug|Any CPU
		{3FDB0F4E-411E-4F74-A287-6CEE4ED11A51}.Release|Any CPU.ActiveCfg = Release|Any CPU
		{3FDB0F4E-411E-4F74-A287-6CEE4ED11A51}.Release|Any CPU.Build.0 = Release|Any CPU
	EndGlobalSection
	GlobalSection(SolutionProperties) = preSolution
		HideSolutionNode = FALSE
	EndGlobalSection
	GlobalSection(ExtensibilityGlobals) = postSolution
		SolutionGuid = {6FEA2E1D-7980-4A5D-BD0F-68EE488FDBF0}
	EndGlobalSection
EndGlobal
