
Microsoft Visual Studio Solution File, Format Version 12.00
# Visual Studio Version 17
VisualStudioVersion = 17.13.35931.197 d17.13
MinimumVisualStudioVersion = 10.0.40219.1
Project("{FAE04EC0-301F-11D3-BF4B-00C04F79EFBC}") = "Lecture - ( Method Overloading )", "Lecture - ( Method Overloading )\Lecture - ( Method Overloading ).csproj", "{1EE76B9C-CDD2-4EA7-A382-D4F243915A3A}"
EndProject
Global
	GlobalSection(SolutionConfigurationPlatforms) = preSolution
		Debug|Any CPU = Debug|Any CPU
		Release|Any CPU = Release|Any CPU
	EndGlobalSection
	GlobalSection(ProjectConfigurationPlatforms) = postSolution
		{1EE76B9C-CDD2-4EA7-A382-D4F243915A3A}.Debug|Any CPU.ActiveCfg = Debug|Any CPU
		{1EE76B9C-CDD2-4EA7-A382-D4F243915A3A}.Debug|Any CPU.Build.0 = Debug|Any CPU
		{1EE76B9C-CDD2-4EA7-A382-D4F243915A3A}.Release|Any CPU.ActiveCfg = Release|Any CPU
		{1EE76B9C-CDD2-4EA7-A382-D4F243915A3A}.Release|Any CPU.Build.0 = Release|Any CPU
	EndGlobalSection
	GlobalSection(SolutionProperties) = preSolution
		HideSolutionNode = FALSE
	EndGlobalSection
	GlobalSection(ExtensibilityGlobals) = postSolution
		SolutionGuid = {BF451354-7720-4354-8C1A-78FBEEEEEA0F}
	EndGlobalSection
EndGlobal
